
Microsoft Visual Studio Solution File, Format Version 12.00
# Visual Studio Version 16
VisualStudioVersion = 16.0.30621.155
MinimumVisualStudioVersion = 10.0.40219.1
Project("{8BC9CEB8-8B4A-11D0-8D11-00A0C91BC942}") = "575", "575\575.vcxproj", "{98A5440A-46D8-472D-8327-636DF655088D}"
EndProject
Global
	GlobalSection(SolutionConfigurationPlatforms) = preSolution
		Debug|x64 = Debug|x64
		Debug|x86 = Debug|x86
		Release|x64 = Release|x64
		Release|x86 = Release|x86
	EndGlobalSection
	GlobalSection(ProjectConfigurationPlatforms) = postSolution
		{98A5440A-46D8-472D-8327-636DF655088D}.Debug|x64.ActiveCfg = Debug|x64
		{98A5440A-46D8-472D-8327-636DF655088D}.Debug|x64.Build.0 = Debug|x64
		{98A5440A-46D8-472D-8327-636DF655088D}.Debug|x86.ActiveCfg = Debug|Win32
		{98A5440A-46D8-472D-8327-636DF655088D}.Debug|x86.Build.0 = Debug|Win32
		{98A5440A-46D8-472D-8327-636DF655088D}.Release|x64.ActiveCfg = Release|x64
		{98A5440A-46D8-472D-8327-636DF655088D}.Release|x64.Build.0 = Release|x64
		{98A5440A-46D8-472D-8327-636DF655088D}.Release|x86.ActiveCfg = Release|Win32
		{98A5440A-46D8-472D-8327-636DF655088D}.Release|x86.Build.0 = Release|Win32
	EndGlobalSection
	GlobalSection(SolutionProperties) = preSolution
		HideSolutionNode = FALSE
	EndGlobalSection
	GlobalSection(ExtensibilityGlobals) = postSolution
		SolutionGuid = {795E3808-8842-45CC-A344-A1EFCA0C8606}
	EndGlobalSection
EndGlobal
